
Microsoft Visual Studio Solution File, Format Version 12.00
# Visual Studio Version 17
VisualStudioVersion = 17.2.32630.192
MinimumVisualStudioVersion = 10.0.40219.1
Project("{8BC9CEB8-8B4A-11D0-8D11-00A0C91BC942}") = "Lap trinh ham 153 bai", "Lap trinh ham 153 bai.vcxproj", "{629D9206-1D48-44BB-A23E-ECEAB83363D9}"
EndProject
Project("{8BC9CEB8-8B4A-11D0-8D11-00A0C91BC942}") = "Bai 017", "..\Bai 017\Bai 017.vcxproj", "{8FB60D66-622B-4B5C-81BA-B973FE2E2E9B}"
EndProject
Project("{8BC9CEB8-8B4A-11D0-8D11-00A0C91BC942}") = "Bai 018", "Bai 018\Bai 018.vcxproj", "{F7460944-F970-433E-8698-2BE2D5925B7B}"
EndProject
Project("{8BC9CEB8-8B4A-11D0-8D11-00A0C91BC942}") = "Bai 019", "Bai 019\Bai 019.vcxproj", "{BFB4E5BA-EDFF-496F-ABD4-255B3AC99D9B}"
EndProject
Project("{8BC9CEB8-8B4A-11D0-8D11-00A0C91BC942}") = "Bai 020", "Bai 020\Bai 020.vcxproj", "{51BEA5DB-C3FD-402A-8E39-C17DE08653AC}"
EndProject
Project("{8BC9CEB8-8B4A-11D0-8D11-00A0C91BC942}") = "Bai 021", "Bai 021\Bai 021.vcxproj", "{38E7D44D-F8D0-44FE-986D-53A16C4EA9B9}"
EndProject
Project("{8BC9CEB8-8B4A-11D0-8D11-00A0C91BC942}") = "Bai 022", "..\Bai 022\Bai 022.vcxproj", "{6A901F48-8484-40B3-B9EA-EF07EE974CB7}"
EndProject
Project("{8BC9CEB8-8B4A-11D0-8D11-00A0C91BC942}") = "Bai 023", "..\Bai 023\Bai 023.vcxproj", "{2B37F02E-E4BC-4008-81F4-E019100DB44B}"
EndProject
Project("{8BC9CEB8-8B4A-11D0-8D11-00A0C91BC942}") = "Bai 024", "Bai 024\Bai 024.vcxproj", "{5B9627BD-2250-401D-8B80-A4CF12168B73}"
EndProject
Project("{8BC9CEB8-8B4A-11D0-8D11-00A0C91BC942}") = "Bai 025", "Bai 025\Bai 025.vcxproj", "{1BB33448-3A97-4AAE-AF60-B7AF16E7C460}"
EndProject
Project("{8BC9CEB8-8B4A-11D0-8D11-00A0C91BC942}") = "Bai 026", "Bai 026\Bai 026.vcxproj", "{DCEAE277-104B-4F4B-9D8C-66AD7069C8F0}"
EndProject
Project("{8BC9CEB8-8B4A-11D0-8D11-00A0C91BC942}") = "Bai 027", "Bai 027\Bai 027.vcxproj", "{A31787CB-0F0B-41C8-8936-66CBC673FE4A}"
EndProject
Project("{8BC9CEB8-8B4A-11D0-8D11-00A0C91BC942}") = "Bai 028", "Bai 028\Bai 028.vcxproj", "{C7280A77-7444-450F-9526-EA3CF60EECA8}"
EndProject
Project("{8BC9CEB8-8B4A-11D0-8D11-00A0C91BC942}") = "Bai 029", "Bai 029\Bai 029.vcxproj", "{9A12ACD5-F017-43FC-B78B-E36024C4E340}"
EndProject
Project("{8BC9CEB8-8B4A-11D0-8D11-00A0C91BC942}") = "Bai 030", "Bai 030\Bai 030.vcxproj", "{9560377F-FCD9-41AF-BBD6-5E87AB23F4A7}"
EndProject
Project("{8BC9CEB8-8B4A-11D0-8D11-00A0C91BC942}") = "Bai 031", "Bai 031\Bai 031.vcxproj", "{325C0200-0359-4689-BED8-39DD87386BF9}"
EndProject
Project("{8BC9CEB8-8B4A-11D0-8D11-00A0C91BC942}") = "Bai 032", "Bai 032\Bai 032.vcxproj", "{3D556D29-4E0C-4CC7-B359-29872E73BD4D}"
EndProject
Project("{8BC9CEB8-8B4A-11D0-8D11-00A0C91BC942}") = "Bai 033", "..\Bai 033\Bai 033.vcxproj", "{CFFEEEAF-E870-4F83-9F28-2DDDE0469477}"
EndProject
Project("{8BC9CEB8-8B4A-11D0-8D11-00A0C91BC942}") = "Bai 034", "Bai 034\Bai 034.vcxproj", "{753D8EFB-D4AD-4CD3-B6B0-6556EC14789C}"
EndProject
Project("{8BC9CEB8-8B4A-11D0-8D11-00A0C91BC942}") = "Bai 035", "Bai 035\Bai 035.vcxproj", "{810E441E-0FEC-4815-A7AE-D55B897A233A}"
EndProject
Project("{8BC9CEB8-8B4A-11D0-8D11-00A0C91BC942}") = "Bai 036", "Bai 036\Bai 036.vcxproj", "{E4DBD547-177A-41F6-B997-83304FD071C7}"
EndProject
Project("{8BC9CEB8-8B4A-11D0-8D11-00A0C91BC942}") = "Bai 037", "Bai 037\Bai 037.vcxproj", "{236C3863-329E-4F61-BB9C-B0D94F243F40}"
EndProject
Project("{8BC9CEB8-8B4A-11D0-8D11-00A0C91BC942}") = "Bai 038", "Bai 038\Bai 038.vcxproj", "{041D5660-CD94-4886-89DE-CAF95115EF52}"
EndProject
Project("{8BC9CEB8-8B4A-11D0-8D11-00A0C91BC942}") = "Bai 039", "Bai 039\Bai 039.vcxproj", "{3C8C9EB4-5EC2-4B89-AC75-3B011ABE8BE0}"
EndProject
Project("{8BC9CEB8-8B4A-11D0-8D11-00A0C91BC942}") = "Bai 040", "Bai 040\Bai 040.vcxproj", "{B8FA5600-C856-4567-909D-98F9FD7DFE04}"
EndProject
Project("{8BC9CEB8-8B4A-11D0-8D11-00A0C91BC942}") = "Bai 041", "Bai 041\Bai 041.vcxproj", "{720CC560-805B-4C88-9EDD-8E6FF26F4A77}"
EndProject
Project("{8BC9CEB8-8B4A-11D0-8D11-00A0C91BC942}") = "Bai 042", "Bai 042\Bai 042.vcxproj", "{A85E739B-E71C-45C1-93D9-14E8408A2DEA}"
EndProject
Project("{8BC9CEB8-8B4A-11D0-8D11-00A0C91BC942}") = "Bai 043", "..\Bai 043\Bai 043.vcxproj", "{6A9C9F3E-6C79-4CE4-A5D0-ECA766C83D17}"
EndProject
Project("{8BC9CEB8-8B4A-11D0-8D11-00A0C91BC942}") = "Bai 045", "Bai 045\Bai 045.vcxproj", "{F6ED3631-1321-437A-99CA-29C2AF736D31}"
EndProject
Project("{8BC9CEB8-8B4A-11D0-8D11-00A0C91BC942}") = "Bai 101", "Bai 101\Bai 101.vcxproj", "{AACB6363-4B92-4737-BAA0-B61E9B19A408}"
EndProject
Project("{8BC9CEB8-8B4A-11D0-8D11-00A0C91BC942}") = "Bai 102", "Bai 102\Bai 102.vcxproj", "{000D8213-B244-4220-B1C4-80691F177829}"
EndProject
Project("{8BC9CEB8-8B4A-11D0-8D11-00A0C91BC942}") = "Bai 103", "Bai 103\Bai 103.vcxproj", "{BF066373-46E2-4B06-BB83-0B7A14665AC9}"
EndProject
Project("{8BC9CEB8-8B4A-11D0-8D11-00A0C91BC942}") = "Bai 104", "Bai 104\Bai 104.vcxproj", "{AEE69196-4423-47B3-BC04-119ADD3383D7}"
EndProject
Project("{8BC9CEB8-8B4A-11D0-8D11-00A0C91BC942}") = "Bai 105", "Bai 105\Bai 105.vcxproj", "{CE0C066B-C3F0-43B5-8624-318BD38F9CC4}"
EndProject
Project("{8BC9CEB8-8B4A-11D0-8D11-00A0C91BC942}") = "Bai 106", "Bai 106\Bai 106.vcxproj", "{FA7992FC-A23B-42B7-83E6-A7D013ACC6A1}"
EndProject
Project("{8BC9CEB8-8B4A-11D0-8D11-00A0C91BC942}") = "Bai 107", "Bai 107\Bai 107.vcxproj", "{80E6C11C-147F-4F9F-BA4E-6EDD5498DCA0}"
EndProject
Project("{8BC9CEB8-8B4A-11D0-8D11-00A0C91BC942}") = "Bai 108", "Bai 108\Bai 108.vcxproj", "{52A87765-D965-433B-A4A2-8F5CBEC67524}"
EndProject
Project("{8BC9CEB8-8B4A-11D0-8D11-00A0C91BC942}") = "Bai 109", "Bai 109\Bai 109.vcxproj", "{D7D788EC-A122-4D82-BF23-414433C659FE}"
EndProject
Project("{8BC9CEB8-8B4A-11D0-8D11-00A0C91BC942}") = "Bai 110", "Bai 110\Bai 110.vcxproj", "{B9715139-A681-489D-A82E-9B89F1F1B009}"
EndProject
Project("{8BC9CEB8-8B4A-11D0-8D11-00A0C91BC942}") = "Bai 111", "Bai 111\Bai 111.vcxproj", "{2AA676C8-3850-44E5-BB71-31CF9B5CE6A8}"
EndProject
Project("{8BC9CEB8-8B4A-11D0-8D11-00A0C91BC942}") = "Bai 112", "Bai 112\Bai 112.vcxproj", "{266C8304-2B46-4276-96F5-70E508E94553}"
EndProject
Project("{8BC9CEB8-8B4A-11D0-8D11-00A0C91BC942}") = "Bai 113", "Bai 113\Bai 113.vcxproj", "{87A88252-62F1-4518-9296-F2A075851EF2}"
EndProject
Project("{8BC9CEB8-8B4A-11D0-8D11-00A0C91BC942}") = "Bai 014", "Bai 014\Bai 014.vcxproj", "{C70C3A0C-8922-4115-81DF-67E909620203}"
EndProject
Project("{8BC9CEB8-8B4A-11D0-8D11-00A0C91BC942}") = "Bai 114", "Bai 114\Bai 114.vcxproj", "{085E5185-922E-4A58-97D5-B4D5E434FA21}"
EndProject
Project("{8BC9CEB8-8B4A-11D0-8D11-00A0C91BC942}") = "Bai 115", "Bai 115\Bai 115.vcxproj", "{1FB03387-D4A6-4942-A7CE-E414CBD9FFDD}"
EndProject
Project("{8BC9CEB8-8B4A-11D0-8D11-00A0C91BC942}") = "Bai 116", "Bai 116\Bai 116.vcxproj", "{6B2F51DA-B8DB-469D-AEFA-B234F6972562}"
EndProject
Project("{8BC9CEB8-8B4A-11D0-8D11-00A0C91BC942}") = "Bai 117", "Bai 117\Bai 117.vcxproj", "{4B44798C-436E-4B9E-B21F-C7C695D75A94}"
EndProject
Project("{8BC9CEB8-8B4A-11D0-8D11-00A0C91BC942}") = "Bai 118", "Bai 118\Bai 118.vcxproj", "{57CD00A8-4086-401B-A78A-44BBD6C9688E}"
EndProject
Global
	GlobalSection(SolutionConfigurationPlatforms) = preSolution
		Debug|x64 = Debug|x64
		Debug|x86 = Debug|x86
		Release|x64 = Release|x64
		Release|x86 = Release|x86
	EndGlobalSection
	GlobalSection(ProjectConfigurationPlatforms) = postSolution
		{629D9206-1D48-44BB-A23E-ECEAB83363D9}.Debug|x64.ActiveCfg = Debug|x64
		{629D9206-1D48-44BB-A23E-ECEAB83363D9}.Debug|x64.Build.0 = Debug|x64
		{629D9206-1D48-44BB-A23E-ECEAB83363D9}.Debug|x86.ActiveCfg = Debug|Win32
		{629D9206-1D48-44BB-A23E-ECEAB83363D9}.Debug|x86.Build.0 = Debug|Win32
		{629D9206-1D48-44BB-A23E-ECEAB83363D9}.Release|x64.ActiveCfg = Release|x64
		{629D9206-1D48-44BB-A23E-ECEAB83363D9}.Release|x64.Build.0 = Release|x64
		{629D9206-1D48-44BB-A23E-ECEAB83363D9}.Release|x86.ActiveCfg = Release|Win32
		{629D9206-1D48-44BB-A23E-ECEAB83363D9}.Release|x86.Build.0 = Release|Win32
		{8FB60D66-622B-4B5C-81BA-B973FE2E2E9B}.Debug|x64.ActiveCfg = Debug|x64
		{8FB60D66-622B-4B5C-81BA-B973FE2E2E9B}.Debug|x64.Build.0 = Debug|x64
		{8FB60D66-622B-4B5C-81BA-B973FE2E2E9B}.Debug|x86.ActiveCfg = Debug|Win32
		{8FB60D66-622B-4B5C-81BA-B973FE2E2E9B}.Debug|x86.Build.0 = Debug|Win32
		{8FB60D66-622B-4B5C-81BA-B973FE2E2E9B}.Release|x64.ActiveCfg = Release|x64
		{8FB60D66-622B-4B5C-81BA-B973FE2E2E9B}.Release|x64.Build.0 = Release|x64
		{8FB60D66-622B-4B5C-81BA-B973FE2E2E9B}.Release|x86.ActiveCfg = Release|Win32
		{8FB60D66-622B-4B5C-81BA-B973FE2E2E9B}.Release|x86.Build.0 = Release|Win32
		{F7460944-F970-433E-8698-2BE2D5925B7B}.Debug|x64.ActiveCfg = Debug|x64
		{F7460944-F970-433E-8698-2BE2D5925B7B}.Debug|x64.Build.0 = Debug|x64
		{F7460944-F970-433E-8698-2BE2D5925B7B}.Debug|x86.ActiveCfg = Debug|Win32
		{F7460944-F970-433E-8698-2BE2D5925B7B}.Debug|x86.Build.0 = Debug|Win32
		{F7460944-F970-433E-8698-2BE2D5925B7B}.Release|x64.ActiveCfg = Release|x64
		{F7460944-F970-433E-8698-2BE2D5925B7B}.Release|x64.Build.0 = Release|x64
		{F7460944-F970-433E-8698-2BE2D5925B7B}.Release|x86.ActiveCfg = Release|Win32
		{F7460944-F970-433E-8698-2BE2D5925B7B}.Release|x86.Build.0 = Release|Win32
		{BFB4E5BA-EDFF-496F-ABD4-255B3AC99D9B}.Debug|x64.ActiveCfg = Debug|x64
		{BFB4E5BA-EDFF-496F-ABD4-255B3AC99D9B}.Debug|x64.Build.0 = Debug|x64
		{BFB4E5BA-EDFF-496F-ABD4-255B3AC99D9B}.Debug|x86.ActiveCfg = Debug|Win32
		{BFB4E5BA-EDFF-496F-ABD4-255B3AC99D9B}.Debug|x86.Build.0 = Debug|Win32
		{BFB4E5BA-EDFF-496F-ABD4-255B3AC99D9B}.Release|x64.ActiveCfg = Release|x64
		{BFB4E5BA-EDFF-496F-ABD4-255B3AC99D9B}.Release|x64.Build.0 = Release|x64
		{BFB4E5BA-EDFF-496F-ABD4-255B3AC99D9B}.Release|x86.ActiveCfg = Release|Win32
		{BFB4E5BA-EDFF-496F-ABD4-255B3AC99D9B}.Release|x86.Build.0 = Release|Win32
		{51BEA5DB-C3FD-402A-8E39-C17DE08653AC}.Debug|x64.ActiveCfg = Debug|x64
		{51BEA5DB-C3FD-402A-8E39-C17DE08653AC}.Debug|x64.Build.0 = Debug|x64
		{51BEA5DB-C3FD-402A-8E39-C17DE08653AC}.Debug|x86.ActiveCfg = Debug|Win32
		{51BEA5DB-C3FD-402A-8E39-C17DE08653AC}.Debug|x86.Build.0 = Debug|Win32
		{51BEA5DB-C3FD-402A-8E39-C17DE08653AC}.Release|x64.ActiveCfg = Release|x64
		{51BEA5DB-C3FD-402A-8E39-C17DE08653AC}.Release|x64.Build.0 = Release|x64
		{51BEA5DB-C3FD-402A-8E39-C17DE08653AC}.Release|x86.ActiveCfg = Release|Win32
		{51BEA5DB-C3FD-402A-8E39-C17DE08653AC}.Release|x86.Build.0 = Release|Win32
		{38E7D44D-F8D0-44FE-986D-53A16C4EA9B9}.Debug|x64.ActiveCfg = Debug|x64
		{38E7D44D-F8D0-44FE-986D-53A16C4EA9B9}.Debug|x64.Build.0 = Debug|x64
		{38E7D44D-F8D0-44FE-986D-53A16C4EA9B9}.Debug|x86.ActiveCfg = Debug|Win32
		{38E7D44D-F8D0-44FE-986D-53A16C4EA9B9}.Debug|x86.Build.0 = Debug|Win32
		{38E7D44D-F8D0-44FE-986D-53A16C4EA9B9}.Release|x64.ActiveCfg = Release|x64
		{38E7D44D-F8D0-44FE-986D-53A16C4EA9B9}.Release|x64.Build.0 = Release|x64
		{38E7D44D-F8D0-44FE-986D-53A16C4EA9B9}.Release|x86.ActiveCfg = Release|Win32
		{38E7D44D-F8D0-44FE-986D-53A16C4EA9B9}.Release|x86.Build.0 = Release|Win32
		{6A901F48-8484-40B3-B9EA-EF07EE974CB7}.Debug|x64.ActiveCfg = Debug|x64
		{6A901F48-8484-40B3-B9EA-EF07EE974CB7}.Debug|x64.Build.0 = Debug|x64
		{6A901F48-8484-40B3-B9EA-EF07EE974CB7}.Debug|x86.ActiveCfg = Debug|Win32
		{6A901F48-8484-40B3-B9EA-EF07EE974CB7}.Debug|x86.Build.0 = Debug|Win32
		{6A901F48-8484-40B3-B9EA-EF07EE974CB7}.Release|x64.ActiveCfg = Release|x64
		{6A901F48-8484-40B3-B9EA-EF07EE974CB7}.Release|x64.Build.0 = Release|x64
		{6A901F48-8484-40B3-B9EA-EF07EE974CB7}.Release|x86.ActiveCfg = Release|Win32
		{6A901F48-8484-40B3-B9EA-EF07EE974CB7}.Release|x86.Build.0 = Release|Win32
		{2B37F02E-E4BC-4008-81F4-E019100DB44B}.Debug|x64.ActiveCfg = Debug|x64
		{2B37F02E-E4BC-4008-81F4-E019100DB44B}.Debug|x64.Build.0 = Debug|x64
		{2B37F02E-E4BC-4008-81F4-E019100DB44B}.Debug|x86.ActiveCfg = Debug|Win32
		{2B37F02E-E4BC-4008-81F4-E019100DB44B}.Debug|x86.Build.0 = Debug|Win32
		{2B37F02E-E4BC-4008-81F4-E019100DB44B}.Release|x64.ActiveCfg = Release|x64
		{2B37F02E-E4BC-4008-81F4-E019100DB44B}.Release|x64.Build.0 = Release|x64
		{2B37F02E-E4BC-4008-81F4-E019100DB44B}.Release|x86.ActiveCfg = Release|Win32
		{2B37F02E-E4BC-4008-81F4-E019100DB44B}.Release|x86.Build.0 = Release|Win32
		{5B9627BD-2250-401D-8B80-A4CF12168B73}.Debug|x64.ActiveCfg = Debug|x64
		{5B9627BD-2250-401D-8B80-A4CF12168B73}.Debug|x64.Build.0 = Debug|x64
		{5B9627BD-2250-401D-8B80-A4CF12168B73}.Debug|x86.ActiveCfg = Debug|Win32
		{5B9627BD-2250-401D-8B80-A4CF12168B73}.Debug|x86.Build.0 = Debug|Win32
		{5B9627BD-2250-401D-8B80-A4CF12168B73}.Release|x64.ActiveCfg = Release|x64
		{5B9627BD-2250-401D-8B80-A4CF12168B73}.Release|x64.Build.0 = Release|x64
		{5B9627BD-2250-401D-8B80-A4CF12168B73}.Release|x86.ActiveCfg = Release|Win32
		{5B9627BD-2250-401D-8B80-A4CF12168B73}.Release|x86.Build.0 = Release|Win32
		{1BB33448-3A97-4AAE-AF60-B7AF16E7C460}.Debug|x64.ActiveCfg = Debug|x64
		{1BB33448-3A97-4AAE-AF60-B7AF16E7C460}.Debug|x64.Build.0 = Debug|x64
		{1BB33448-3A97-4AAE-AF60-B7AF16E7C460}.Debug|x86.ActiveCfg = Debug|Win32
		{1BB33448-3A97-4AAE-AF60-B7AF16E7C460}.Debug|x86.Build.0 = Debug|Win32
		{1BB33448-3A97-4AAE-AF60-B7AF16E7C460}.Release|x64.ActiveCfg = Release|x64
		{1BB33448-3A97-4AAE-AF60-B7AF16E7C460}.Release|x64.Build.0 = Release|x64
		{1BB33448-3A97-4AAE-AF60-B7AF16E7C460}.Release|x86.ActiveCfg = Release|Win32
		{1BB33448-3A97-4AAE-AF60-B7AF16E7C460}.Release|x86.Build.0 = Release|Win32
		{DCEAE277-104B-4F4B-9D8C-66AD7069C8F0}.Debug|x64.ActiveCfg = Debug|x64
		{DCEAE277-104B-4F4B-9D8C-66AD7069C8F0}.Debug|x64.Build.0 = Debug|x64
		{DCEAE277-104B-4F4B-9D8C-66AD7069C8F0}.Debug|x86.ActiveCfg = Debug|Win32
		{DCEAE277-104B-4F4B-9D8C-66AD7069C8F0}.Debug|x86.Build.0 = Debug|Win32
		{DCEAE277-104B-4F4B-9D8C-66AD7069C8F0}.Release|x64.ActiveCfg = Release|x64
		{DCEAE277-104B-4F4B-9D8C-66AD7069C8F0}.Release|x64.Build.0 = Release|x64
		{DCEAE277-104B-4F4B-9D8C-66AD7069C8F0}.Release|x86.ActiveCfg = Release|Win32
		{DCEAE277-104B-4F4B-9D8C-66AD7069C8F0}.Release|x86.Build.0 = Release|Win32
		{A31787CB-0F0B-41C8-8936-66CBC673FE4A}.Debug|x64.ActiveCfg = Debug|x64
		{A31787CB-0F0B-41C8-8936-66CBC673FE4A}.Debug|x64.Build.0 = Debug|x64
		{A31787CB-0F0B-41C8-8936-66CBC673FE4A}.Debug|x86.ActiveCfg = Debug|Win32
		{A31787CB-0F0B-41C8-8936-66CBC673FE4A}.Debug|x86.Build.0 = Debug|Win32
		{A31787CB-0F0B-41C8-8936-66CBC673FE4A}.Release|x64.ActiveCfg = Release|x64
		{A31787CB-0F0B-41C8-8936-66CBC673FE4A}.Release|x64.Build.0 = Release|x64
		{A31787CB-0F0B-41C8-8936-66CBC673FE4A}.Release|x86.ActiveCfg = Release|Win32
		{A31787CB-0F0B-41C8-8936-66CBC673FE4A}.Release|x86.Build.0 = Release|Win32
		{C7280A77-7444-450F-9526-EA3CF60EECA8}.Debug|x64.ActiveCfg = Debug|x64
		{C7280A77-7444-450F-9526-EA3CF60EECA8}.Debug|x64.Build.0 = Debug|x64
		{C7280A77-7444-450F-9526-EA3CF60EECA8}.Debug|x86.ActiveCfg = Debug|Win32
		{C7280A77-7444-450F-9526-EA3CF60EECA8}.Debug|x86.Build.0 = Debug|Win32
		{C7280A77-7444-450F-9526-EA3CF60EECA8}.Release|x64.ActiveCfg = Release|x64
		{C7280A77-7444-450F-9526-EA3CF60EECA8}.Release|x64.Build.0 = Release|x64
		{C7280A77-7444-450F-9526-EA3CF60EECA8}.Release|x86.ActiveCfg = Release|Win32
		{C7280A77-7444-450F-9526-EA3CF60EECA8}.Release|x86.Build.0 = Release|Win32
		{9A12ACD5-F017-43FC-B78B-E36024C4E340}.Debug|x64.ActiveCfg = Debug|x64
		{9A12ACD5-F017-43FC-B78B-E36024C4E340}.Debug|x64.Build.0 = Debug|x64
		{9A12ACD5-F017-43FC-B78B-E36024C4E340}.Debug|x86.ActiveCfg = Debug|Win32
		{9A12ACD5-F017-43FC-B78B-E36024C4E340}.Debug|x86.Build.0 = Debug|Win32
		{9A12ACD5-F017-43FC-B78B-E36024C4E340}.Release|x64.ActiveCfg = Release|x64
		{9A12ACD5-F017-43FC-B78B-E36024C4E340}.Release|x64.Build.0 = Release|x64
		{9A12ACD5-F017-43FC-B78B-E36024C4E340}.Release|x86.ActiveCfg = Release|Win32
		{9A12ACD5-F017-43FC-B78B-E36024C4E340}.Release|x86.Build.0 = Release|Win32
		{9560377F-FCD9-41AF-BBD6-5E87AB23F4A7}.Debug|x64.ActiveCfg = Debug|x64
		{9560377F-FCD9-41AF-BBD6-5E87AB23F4A7}.Debug|x64.Build.0 = Debug|x64
		{9560377F-FCD9-41AF-BBD6-5E87AB23F4A7}.Debug|x86.ActiveCfg = Debug|Win32
		{9560377F-FCD9-41AF-BBD6-5E87AB23F4A7}.Debug|x86.Build.0 = Debug|Win32
		{9560377F-FCD9-41AF-BBD6-5E87AB23F4A7}.Release|x64.ActiveCfg = Release|x64
		{9560377F-FCD9-41AF-BBD6-5E87AB23F4A7}.Release|x64.Build.0 = Release|x64
		{9560377F-FCD9-41AF-BBD6-5E87AB23F4A7}.Release|x86.ActiveCfg = Release|Win32
		{9560377F-FCD9-41AF-BBD6-5E87AB23F4A7}.Release|x86.Build.0 = Release|Win32
		{325C0200-0359-4689-BED8-39DD87386BF9}.Debug|x64.ActiveCfg = Debug|x64
		{325C0200-0359-4689-BED8-39DD87386BF9}.Debug|x64.Build.0 = Debug|x64
		{325C0200-0359-4689-BED8-39DD87386BF9}.Debug|x86.ActiveCfg = Debug|Win32
		{325C0200-0359-4689-BED8-39DD87386BF9}.Debug|x86.Build.0 = Debug|Win32
		{325C0200-0359-4689-BED8-39DD87386BF9}.Release|x64.ActiveCfg = Release|x64
		{325C0200-0359-4689-BED8-39DD87386BF9}.Release|x64.Build.0 = Release|x64
		{325C0200-0359-4689-BED8-39DD87386BF9}.Release|x86.ActiveCfg = Release|Win32
		{325C0200-0359-4689-BED8-39DD87386BF9}.Release|x86.Build.0 = Release|Win32
		{3D556D29-4E0C-4CC7-B359-29872E73BD4D}.Debug|x64.ActiveCfg = Debug|x64
		{3D556D29-4E0C-4CC7-B359-29872E73BD4D}.Debug|x64.Build.0 = Debug|x64
		{3D556D29-4E0C-4CC7-B359-29872E73BD4D}.Debug|x86.ActiveCfg = Debug|Win32
		{3D556D29-4E0C-4CC7-B359-29872E73BD4D}.Debug|x86.Build.0 = Debug|Win32
		{3D556D29-4E0C-4CC7-B359-29872E73BD4D}.Release|x64.ActiveCfg = Release|x64
		{3D556D29-4E0C-4CC7-B359-29872E73BD4D}.Release|x64.Build.0 = Release|x64
		{3D556D29-4E0C-4CC7-B359-29872E73BD4D}.Release|x86.ActiveCfg = Release|Win32
		{3D556D29-4E0C-4CC7-B359-29872E73BD4D}.Release|x86.Build.0 = Release|Win32
		{CFFEEEAF-E870-4F83-9F28-2DDDE0469477}.Debug|x64.ActiveCfg = Debug|x64
		{CFFEEEAF-E870-4F83-9F28-2DDDE0469477}.Debug|x64.Build.0 = Debug|x64
		{CFFEEEAF-E870-4F83-9F28-2DDDE0469477}.Debug|x86.ActiveCfg = Debug|Win32
		{CFFEEEAF-E870-4F83-9F28-2DDDE0469477}.Debug|x86.Build.0 = Debug|Win32
		{CFFEEEAF-E870-4F83-9F28-2DDDE0469477}.Release|x64.ActiveCfg = Release|x64
		{CFFEEEAF-E870-4F83-9F28-2DDDE0469477}.Release|x64.Build.0 = Release|x64
		{CFFEEEAF-E870-4F83-9F28-2DDDE0469477}.Release|x86.ActiveCfg = Release|Win32
		{CFFEEEAF-E870-4F83-9F28-2DDDE0469477}.Release|x86.Build.0 = Release|Win32
		{753D8EFB-D4AD-4CD3-B6B0-6556EC14789C}.Debug|x64.ActiveCfg = Debug|x64
		{753D8EFB-D4AD-4CD3-B6B0-6556EC14789C}.Debug|x64.Build.0 = Debug|x64
		{753D8EFB-D4AD-4CD3-B6B0-6556EC14789C}.Debug|x86.ActiveCfg = Debug|Win32
		{753D8EFB-D4AD-4CD3-B6B0-6556EC14789C}.Debug|x86.Build.0 = Debug|Win32
		{753D8EFB-D4AD-4CD3-B6B0-6556EC14789C}.Release|x64.ActiveCfg = Release|x64
		{753D8EFB-D4AD-4CD3-B6B0-6556EC14789C}.Release|x64.Build.0 = Release|x64
		{753D8EFB-D4AD-4CD3-B6B0-6556EC14789C}.Release|x86.ActiveCfg = Release|Win32
		{753D8EFB-D4AD-4CD3-B6B0-6556EC14789C}.Release|x86.Build.0 = Release|Win32
		{810E441E-0FEC-4815-A7AE-D55B897A233A}.Debug|x64.ActiveCfg = Debug|x64
		{810E441E-0FEC-4815-A7AE-D55B897A233A}.Debug|x64.Build.0 = Debug|x64
		{810E441E-0FEC-4815-A7AE-D55B897A233A}.Debug|x86.ActiveCfg = Debug|Win32
		{810E441E-0FEC-4815-A7AE-D55B897A233A}.Debug|x86.Build.0 = Debug|Win32
		{810E441E-0FEC-4815-A7AE-D55B897A233A}.Release|x64.ActiveCfg = Release|x64
		{810E441E-0FEC-4815-A7AE-D55B897A233A}.Release|x64.Build.0 = Release|x64
		{810E441E-0FEC-4815-A7AE-D55B897A233A}.Release|x86.ActiveCfg = Release|Win32
		{810E441E-0FEC-4815-A7AE-D55B897A233A}.Release|x86.Build.0 = Release|Win32
		{E4DBD547-177A-41F6-B997-83304FD071C7}.Debug|x64.ActiveCfg = Debug|x64
		{E4DBD547-177A-41F6-B997-83304FD071C7}.Debug|x64.Build.0 = Debug|x64
		{E4DBD547-177A-41F6-B997-83304FD071C7}.Debug|x86.ActiveCfg = Debug|Win32
		{E4DBD547-177A-41F6-B997-83304FD071C7}.Debug|x86.Build.0 = Debug|Win32
		{E4DBD547-177A-41F6-B997-83304FD071C7}.Release|x64.ActiveCfg = Release|x64
		{E4DBD547-177A-41F6-B997-83304FD071C7}.Release|x64.Build.0 = Release|x64
		{E4DBD547-177A-41F6-B997-83304FD071C7}.Release|x86.ActiveCfg = Release|Win32
		{E4DBD547-177A-41F6-B997-83304FD071C7}.Release|x86.Build.0 = Release|Win32
		{236C3863-329E-4F61-BB9C-B0D94F243F40}.Debug|x64.ActiveCfg = Debug|x64
		{236C3863-329E-4F61-BB9C-B0D94F243F40}.Debug|x64.Build.0 = Debug|x64
		{236C3863-329E-4F61-BB9C-B0D94F243F40}.Debug|x86.ActiveCfg = Debug|Win32
		{236C3863-329E-4F61-BB9C-B0D94F243F40}.Debug|x86.Build.0 = Debug|Win32
		{236C3863-329E-4F61-BB9C-B0D94F243F40}.Release|x64.ActiveCfg = Release|x64
		{236C3863-329E-4F61-BB9C-B0D94F243F40}.Release|x64.Build.0 = Release|x64
		{236C3863-329E-4F61-BB9C-B0D94F243F40}.Release|x86.ActiveCfg = Release|Win32
		{236C3863-329E-4F61-BB9C-B0D94F243F40}.Release|x86.Build.0 = Release|Win32
		{041D5660-CD94-4886-89DE-CAF95115EF52}.Debug|x64.ActiveCfg = Debug|x64
		{041D5660-CD94-4886-89DE-CAF95115EF52}.Debug|x64.Build.0 = Debug|x64
		{041D5660-CD94-4886-89DE-CAF95115EF52}.Debug|x86.ActiveCfg = Debug|Win32
		{041D5660-CD94-4886-89DE-CAF95115EF52}.Debug|x86.Build.0 = Debug|Win32
		{041D5660-CD94-4886-89DE-CAF95115EF52}.Release|x64.ActiveCfg = Release|x64
		{041D5660-CD94-4886-89DE-CAF95115EF52}.Release|x64.Build.0 = Release|x64
		{041D5660-CD94-4886-89DE-CAF95115EF52}.Release|x86.ActiveCfg = Release|Win32
		{041D5660-CD94-4886-89DE-CAF95115EF52}.Release|x86.Build.0 = Release|Win32
		{3C8C9EB4-5EC2-4B89-AC75-3B011ABE8BE0}.Debug|x64.ActiveCfg = Debug|x64
		{3C8C9EB4-5EC2-4B89-AC75-3B011ABE8BE0}.Debug|x64.Build.0 = Debug|x64
		{3C8C9EB4-5EC2-4B89-AC75-3B011ABE8BE0}.Debug|x86.ActiveCfg = Debug|Win32
		{3C8C9EB4-5EC2-4B89-AC75-3B011ABE8BE0}.Debug|x86.Build.0 = Debug|Win32
		{3C8C9EB4-5EC2-4B89-AC75-3B011ABE8BE0}.Release|x64.ActiveCfg = Release|x64
		{3C8C9EB4-5EC2-4B89-AC75-3B011ABE8BE0}.Release|x64.Build.0 = Release|x64
		{3C8C9EB4-5EC2-4B89-AC75-3B011ABE8BE0}.Release|x86.ActiveCfg = Release|Win32
		{3C8C9EB4-5EC2-4B89-AC75-3B011ABE8BE0}.Release|x86.Build.0 = Release|Win32
		{B8FA5600-C856-4567-909D-98F9FD7DFE04}.Debug|x64.ActiveCfg = Debug|x64
		{B8FA5600-C856-4567-909D-98F9FD7DFE04}.Debug|x64.Build.0 = Debug|x64
		{B8FA5600-C856-4567-909D-98F9FD7DFE04}.Debug|x86.ActiveCfg = Debug|Win32
		{B8FA5600-C856-4567-909D-98F9FD7DFE04}.Debug|x86.Build.0 = Debug|Win32
		{B8FA5600-C856-4567-909D-98F9FD7DFE04}.Release|x64.ActiveCfg = Release|x64
		{B8FA5600-C856-4567-909D-98F9FD7DFE04}.Release|x64.Build.0 = Release|x64
		{B8FA5600-C856-4567-909D-98F9FD7DFE04}.Release|x86.ActiveCfg = Release|Win32
		{B8FA5600-C856-4567-909D-98F9FD7DFE04}.Release|x86.Build.0 = Release|Win32
		{720CC560-805B-4C88-9EDD-8E6FF26F4A77}.Debug|x64.ActiveCfg = Debug|x64
		{720CC560-805B-4C88-9EDD-8E6FF26F4A77}.Debug|x64.Build.0 = Debug|x64
		{720CC560-805B-4C88-9EDD-8E6FF26F4A77}.Debug|x86.ActiveCfg = Debug|Win32
		{720CC560-805B-4C88-9EDD-8E6FF26F4A77}.Debug|x86.Build.0 = Debug|Win32
		{720CC560-805B-4C88-9EDD-8E6FF26F4A77}.Release|x64.ActiveCfg = Release|x64
		{720CC560-805B-4C88-9EDD-8E6FF26F4A77}.Release|x64.Build.0 = Release|x64
		{720CC560-805B-4C88-9EDD-8E6FF26F4A77}.Release|x86.ActiveCfg = Release|Win32
		{720CC560-805B-4C88-9EDD-8E6FF26F4A77}.Release|x86.Build.0 = Release|Win32
		{A85E739B-E71C-45C1-93D9-14E8408A2DEA}.Debug|x64.ActiveCfg = Debug|x64
		{A85E739B-E71C-45C1-93D9-14E8408A2DEA}.Debug|x64.Build.0 = Debug|x64
		{A85E739B-E71C-45C1-93D9-14E8408A2DEA}.Debug|x86.ActiveCfg = Debug|Win32
		{A85E739B-E71C-45C1-93D9-14E8408A2DEA}.Debug|x86.Build.0 = Debug|Win32
		{A85E739B-E71C-45C1-93D9-14E8408A2DEA}.Release|x64.ActiveCfg = Release|x64
		{A85E739B-E71C-45C1-93D9-14E8408A2DEA}.Release|x64.Build.0 = Release|x64
		{A85E739B-E71C-45C1-93D9-14E8408A2DEA}.Release|x86.ActiveCfg = Release|Win32
		{A85E739B-E71C-45C1-93D9-14E8408A2DEA}.Release|x86.Build.0 = Release|Win32
		{6A9C9F3E-6C79-4CE4-A5D0-ECA766C83D17}.Debug|x64.ActiveCfg = Debug|x64
		{6A9C9F3E-6C79-4CE4-A5D0-ECA766C83D17}.Debug|x64.Build.0 = Debug|x64
		{6A9C9F3E-6C79-4CE4-A5D0-ECA766C83D17}.Debug|x86.ActiveCfg = Debug|Win32
		{6A9C9F3E-6C79-4CE4-A5D0-ECA766C83D17}.Debug|x86.Build.0 = Debug|Win32
		{6A9C9F3E-6C79-4CE4-A5D0-ECA766C83D17}.Release|x64.ActiveCfg = Release|x64
		{6A9C9F3E-6C79-4CE4-A5D0-ECA766C83D17}.Release|x64.Build.0 = Release|x64
		{6A9C9F3E-6C79-4CE4-A5D0-ECA766C83D17}.Release|x86.ActiveCfg = Release|Win32
		{6A9C9F3E-6C79-4CE4-A5D0-ECA766C83D17}.Release|x86.Build.0 = Release|Win32
		{F6ED3631-1321-437A-99CA-29C2AF736D31}.Debug|x64.ActiveCfg = Debug|x64
		{F6ED3631-1321-437A-99CA-29C2AF736D31}.Debug|x64.Build.0 = Debug|x64
		{F6ED3631-1321-437A-99CA-29C2AF736D31}.Debug|x86.ActiveCfg = Debug|Win32
		{F6ED3631-1321-437A-99CA-29C2AF736D31}.Debug|x86.Build.0 = Debug|Win32
		{F6ED3631-1321-437A-99CA-29C2AF736D31}.Release|x64.ActiveCfg = Release|x64
		{F6ED3631-1321-437A-99CA-29C2AF736D31}.Release|x64.Build.0 = Release|x64
		{F6ED3631-1321-437A-99CA-29C2AF736D31}.Release|x86.ActiveCfg = Release|Win32
		{F6ED3631-1321-437A-99CA-29C2AF736D31}.Release|x86.Build.0 = Release|Win32
		{AACB6363-4B92-4737-BAA0-B61E9B19A408}.Debug|x64.ActiveCfg = Debug|x64
		{AACB6363-4B92-4737-BAA0-B61E9B19A408}.Debug|x64.Build.0 = Debug|x64
		{AACB6363-4B92-4737-BAA0-B61E9B19A408}.Debug|x86.ActiveCfg = Debug|Win32
		{AACB6363-4B92-4737-BAA0-B61E9B19A408}.Debug|x86.Build.0 = Debug|Win32
		{AACB6363-4B92-4737-BAA0-B61E9B19A408}.Release|x64.ActiveCfg = Release|x64
		{AACB6363-4B92-4737-BAA0-B61E9B19A408}.Release|x64.Build.0 = Release|x64
		{AACB6363-4B92-4737-BAA0-B61E9B19A408}.Release|x86.ActiveCfg = Release|Win32
		{AACB6363-4B92-4737-BAA0-B61E9B19A408}.Release|x86.Build.0 = Release|Win32
		{000D8213-B244-4220-B1C4-80691F177829}.Debug|x64.ActiveCfg = Debug|x64
		{000D8213-B244-4220-B1C4-80691F177829}.Debug|x64.Build.0 = Debug|x64
		{000D8213-B244-4220-B1C4-80691F177829}.Debug|x86.ActiveCfg = Debug|Win32
		{000D8213-B244-4220-B1C4-80691F177829}.Debug|x86.Build.0 = Debug|Win32
		{000D8213-B244-4220-B1C4-80691F177829}.Release|x64.ActiveCfg = Release|x64
		{000D8213-B244-4220-B1C4-80691F177829}.Release|x64.Build.0 = Release|x64
		{000D8213-B244-4220-B1C4-80691F177829}.Release|x86.ActiveCfg = Release|Win32
		{000D8213-B244-4220-B1C4-80691F177829}.Release|x86.Build.0 = Release|Win32
		{BF066373-46E2-4B06-BB83-0B7A14665AC9}.Debug|x64.ActiveCfg = Debug|x64
		{BF066373-46E2-4B06-BB83-0B7A14665AC9}.Debug|x64.Build.0 = Debug|x64
		{BF066373-46E2-4B06-BB83-0B7A14665AC9}.Debug|x86.ActiveCfg = Debug|Win32
		{BF066373-46E2-4B06-BB83-0B7A14665AC9}.Debug|x86.Build.0 = Debug|Win32
		{BF066373-46E2-4B06-BB83-0B7A14665AC9}.Release|x64.ActiveCfg = Release|x64
		{BF066373-46E2-4B06-BB83-0B7A14665AC9}.Release|x64.Build.0 = Release|x64
		{BF066373-46E2-4B06-BB83-0B7A14665AC9}.Release|x86.ActiveCfg = Release|Win32
		{BF066373-46E2-4B06-BB83-0B7A14665AC9}.Release|x86.Build.0 = Release|Win32
		{AEE69196-4423-47B3-BC04-119ADD3383D7}.Debug|x64.ActiveCfg = Debug|x64
		{AEE69196-4423-47B3-BC04-119ADD3383D7}.Debug|x64.Build.0 = Debug|x64
		{AEE69196-4423-47B3-BC04-119ADD3383D7}.Debug|x86.ActiveCfg = Debug|Win32
		{AEE69196-4423-47B3-BC04-119ADD3383D7}.Debug|x86.Build.0 = Debug|Win32
		{AEE69196-4423-47B3-BC04-119ADD3383D7}.Release|x64.ActiveCfg = Release|x64
		{AEE69196-4423-47B3-BC04-119ADD3383D7}.Release|x64.Build.0 = Release|x64
		{AEE69196-4423-47B3-BC04-119ADD3383D7}.Release|x86.ActiveCfg = Release|Win32
		{AEE69196-4423-47B3-BC04-119ADD3383D7}.Release|x86.Build.0 = Release|Win32
		{CE0C066B-C3F0-43B5-8624-318BD38F9CC4}.Debug|x64.ActiveCfg = Debug|x64
		{CE0C066B-C3F0-43B5-8624-318BD38F9CC4}.Debug|x64.Build.0 = Debug|x64
		{CE0C066B-C3F0-43B5-8624-318BD38F9CC4}.Debug|x86.ActiveCfg = Debug|Win32
		{CE0C066B-C3F0-43B5-8624-318BD38F9CC4}.Debug|x86.Build.0 = Debug|Win32
		{CE0C066B-C3F0-43B5-8624-318BD38F9CC4}.Release|x64.ActiveCfg = Release|x64
		{CE0C066B-C3F0-43B5-8624-318BD38F9CC4}.Release|x64.Build.0 = Release|x64
		{CE0C066B-C3F0-43B5-8624-318BD38F9CC4}.Release|x86.ActiveCfg = Release|Win32
		{CE0C066B-C3F0-43B5-8624-318BD38F9CC4}.Release|x86.Build.0 = Release|Win32
		{FA7992FC-A23B-42B7-83E6-A7D013ACC6A1}.Debug|x64.ActiveCfg = Debug|x64
		{FA7992FC-A23B-42B7-83E6-A7D013ACC6A1}.Debug|x64.Build.0 = Debug|x64
		{FA7992FC-A23B-42B7-83E6-A7D013ACC6A1}.Debug|x86.ActiveCfg = Debug|Win32
		{FA7992FC-A23B-42B7-83E6-A7D013ACC6A1}.Debug|x86.Build.0 = Debug|Win32
		{FA7992FC-A23B-42B7-83E6-A7D013ACC6A1}.Release|x64.ActiveCfg = Release|x64
		{FA7992FC-A23B-42B7-83E6-A7D013ACC6A1}.Release|x64.Build.0 = Release|x64
		{FA7992FC-A23B-42B7-83E6-A7D013ACC6A1}.Release|x86.ActiveCfg = Release|Win32
		{FA7992FC-A23B-42B7-83E6-A7D013ACC6A1}.Release|x86.Build.0 = Release|Win32
		{80E6C11C-147F-4F9F-BA4E-6EDD5498DCA0}.Debug|x64.ActiveCfg = Debug|x64
		{80E6C11C-147F-4F9F-BA4E-6EDD5498DCA0}.Debug|x64.Build.0 = Debug|x64
		{80E6C11C-147F-4F9F-BA4E-6EDD5498DCA0}.Debug|x86.ActiveCfg = Debug|Win32
		{80E6C11C-147F-4F9F-BA4E-6EDD5498DCA0}.Debug|x86.Build.0 = Debug|Win32
		{80E6C11C-147F-4F9F-BA4E-6EDD5498DCA0}.Release|x64.ActiveCfg = Release|x64
		{80E6C11C-147F-4F9F-BA4E-6EDD5498DCA0}.Release|x64.Build.0 = Release|x64
		{80E6C11C-147F-4F9F-BA4E-6EDD5498DCA0}.Release|x86.ActiveCfg = Release|Win32
		{80E6C11C-147F-4F9F-BA4E-6EDD5498DCA0}.Release|x86.Build.0 = Release|Win32
		{52A87765-D965-433B-A4A2-8F5CBEC67524}.Debug|x64.ActiveCfg = Debug|x64
		{52A87765-D965-433B-A4A2-8F5CBEC67524}.Debug|x64.Build.0 = Debug|x64
		{52A87765-D965-433B-A4A2-8F5CBEC67524}.Debug|x86.ActiveCfg = Debug|Win32
		{52A87765-D965-433B-A4A2-8F5CBEC67524}.Debug|x86.Build.0 = Debug|Win32
		{52A87765-D965-433B-A4A2-8F5CBEC67524}.Release|x64.ActiveCfg = Release|x64
		{52A87765-D965-433B-A4A2-8F5CBEC67524}.Release|x64.Build.0 = Release|x64
		{52A87765-D965-433B-A4A2-8F5CBEC67524}.Release|x86.ActiveCfg = Release|Win32
		{52A87765-D965-433B-A4A2-8F5CBEC67524}.Release|x86.Build.0 = Release|Win32
		{D7D788EC-A122-4D82-BF23-414433C659FE}.Debug|x64.ActiveCfg = Debug|x64
		{D7D788EC-A122-4D82-BF23-414433C659FE}.Debug|x64.Build.0 = Debug|x64
		{D7D788EC-A122-4D82-BF23-414433C659FE}.Debug|x86.ActiveCfg = Debug|Win32
		{D7D788EC-A122-4D82-BF23-414433C659FE}.Debug|x86.Build.0 = Debug|Win32
		{D7D788EC-A122-4D82-BF23-414433C659FE}.Release|x64.ActiveCfg = Release|x64
		{D7D788EC-A122-4D82-BF23-414433C659FE}.Release|x64.Build.0 = Release|x64
		{D7D788EC-A122-4D82-BF23-414433C659FE}.Release|x86.ActiveCfg = Release|Win32
		{D7D788EC-A122-4D82-BF23-414433C659FE}.Release|x86.Build.0 = Release|Win32
		{B9715139-A681-489D-A82E-9B89F1F1B009}.Debug|x64.ActiveCfg = Debug|x64
		{B9715139-A681-489D-A82E-9B89F1F1B009}.Debug|x64.Build.0 = Debug|x64
		{B9715139-A681-489D-A82E-9B89F1F1B009}.Debug|x86.ActiveCfg = Debug|Win32
		{B9715139-A681-489D-A82E-9B89F1F1B009}.Debug|x86.Build.0 = Debug|Win32
		{B9715139-A681-489D-A82E-9B89F1F1B009}.Release|x64.ActiveCfg = Release|x64
		{B9715139-A681-489D-A82E-9B89F1F1B009}.Release|x64.Build.0 = Release|x64
		{B9715139-A681-489D-A82E-9B89F1F1B009}.Release|x86.ActiveCfg = Release|Win32
		{B9715139-A681-489D-A82E-9B89F1F1B009}.Release|x86.Build.0 = Release|Win32
		{2AA676C8-3850-44E5-BB71-31CF9B5CE6A8}.Debug|x64.ActiveCfg = Debug|x64
		{2AA676C8-3850-44E5-BB71-31CF9B5CE6A8}.Debug|x64.Build.0 = Debug|x64
		{2AA676C8-3850-44E5-BB71-31CF9B5CE6A8}.Debug|x86.ActiveCfg = Debug|Win32
		{2AA676C8-3850-44E5-BB71-31CF9B5CE6A8}.Debug|x86.Build.0 = Debug|Win32
		{2AA676C8-3850-44E5-BB71-31CF9B5CE6A8}.Release|x64.ActiveCfg = Release|x64
		{2AA676C8-3850-44E5-BB71-31CF9B5CE6A8}.Release|x64.Build.0 = Release|x64
		{2AA676C8-3850-44E5-BB71-31CF9B5CE6A8}.Release|x86.ActiveCfg = Release|Win32
		{2AA676C8-3850-44E5-BB71-31CF9B5CE6A8}.Release|x86.Build.0 = Release|Win32
		{266C8304-2B46-4276-96F5-70E508E94553}.Debug|x64.ActiveCfg = Debug|x64
		{266C8304-2B46-4276-96F5-70E508E94553}.Debug|x64.Build.0 = Debug|x64
		{266C8304-2B46-4276-96F5-70E508E94553}.Debug|x86.ActiveCfg = Debug|Win32
		{266C8304-2B46-4276-96F5-70E508E94553}.Debug|x86.Build.0 = Debug|Win32
		{266C8304-2B46-4276-96F5-70E508E94553}.Release|x64.ActiveCfg = Release|x64
		{266C8304-2B46-4276-96F5-70E508E94553}.Release|x64.Build.0 = Release|x64
		{266C8304-2B46-4276-96F5-70E508E94553}.Release|x86.ActiveCfg = Release|Win32
		{266C8304-2B46-4276-96F5-70E508E94553}.Release|x86.Build.0 = Release|Win32
		{87A88252-62F1-4518-9296-F2A075851EF2}.Debug|x64.ActiveCfg = Debug|x64
		{87A88252-62F1-4518-9296-F2A075851EF2}.Debug|x64.Build.0 = Debug|x64
		{87A88252-62F1-4518-9296-F2A075851EF2}.Debug|x86.ActiveCfg = Debug|Win32
		{87A88252-62F1-4518-9296-F2A075851EF2}.Debug|x86.Build.0 = Debug|Win32
		{87A88252-62F1-4518-9296-F2A075851EF2}.Release|x64.ActiveCfg = Release|x64
		{87A88252-62F1-4518-9296-F2A075851EF2}.Release|x64.Build.0 = Release|x64
		{87A88252-62F1-4518-9296-F2A075851EF2}.Release|x86.ActiveCfg = Release|Win32
		{87A88252-62F1-4518-9296-F2A075851EF2}.Release|x86.Build.0 = Release|Win32
		{C70C3A0C-8922-4115-81DF-67E909620203}.Debug|x64.ActiveCfg = Debug|x64
		{C70C3A0C-8922-4115-81DF-67E909620203}.Debug|x64.Build.0 = Debug|x64
		{C70C3A0C-8922-4115-81DF-67E909620203}.Debug|x86.ActiveCfg = Debug|Win32
		{C70C3A0C-8922-4115-81DF-67E909620203}.Debug|x86.Build.0 = Debug|Win32
		{C70C3A0C-8922-4115-81DF-67E909620203}.Release|x64.ActiveCfg = Release|x64
		{C70C3A0C-8922-4115-81DF-67E909620203}.Release|x64.Build.0 = Release|x64
		{C70C3A0C-8922-4115-81DF-67E909620203}.Release|x86.ActiveCfg = Release|Win32
		{C70C3A0C-8922-4115-81DF-67E909620203}.Release|x86.Build.0 = Release|Win32
		{085E5185-922E-4A58-97D5-B4D5E434FA21}.Debug|x64.ActiveCfg = Debug|x64
		{085E5185-922E-4A58-97D5-B4D5E434FA21}.Debug|x64.Build.0 = Debug|x64
		{085E5185-922E-4A58-97D5-B4D5E434FA21}.Debug|x86.ActiveCfg = Debug|Win32
		{085E5185-922E-4A58-97D5-B4D5E434FA21}.Debug|x86.Build.0 = Debug|Win32
		{085E5185-922E-4A58-97D5-B4D5E434FA21}.Release|x64.ActiveCfg = Release|x64
		{085E5185-922E-4A58-97D5-B4D5E434FA21}.Release|x64.Build.0 = Release|x64
		{085E5185-922E-4A58-97D5-B4D5E434FA21}.Release|x86.ActiveCfg = Release|Win32
		{085E5185-922E-4A58-97D5-B4D5E434FA21}.Release|x86.Build.0 = Release|Win32
		{1FB03387-D4A6-4942-A7CE-E414CBD9FFDD}.Debug|x64.ActiveCfg = Debug|x64
		{1FB03387-D4A6-4942-A7CE-E414CBD9FFDD}.Debug|x64.Build.0 = Debug|x64
		{1FB03387-D4A6-4942-A7CE-E414CBD9FFDD}.Debug|x86.ActiveCfg = Debug|Win32
		{1FB03387-D4A6-4942-A7CE-E414CBD9FFDD}.Debug|x86.Build.0 = Debug|Win32
		{1FB03387-D4A6-4942-A7CE-E414CBD9FFDD}.Release|x64.ActiveCfg = Release|x64
		{1FB03387-D4A6-4942-A7CE-E414CBD9FFDD}.Release|x64.Build.0 = Release|x64
		{1FB03387-D4A6-4942-A7CE-E414CBD9FFDD}.Release|x86.ActiveCfg = Release|Win32
		{1FB03387-D4A6-4942-A7CE-E414CBD9FFDD}.Release|x86.Build.0 = Release|Win32
		{6B2F51DA-B8DB-469D-AEFA-B234F6972562}.Debug|x64.ActiveCfg = Debug|x64
		{6B2F51DA-B8DB-469D-AEFA-B234F6972562}.Debug|x64.Build.0 = Debug|x64
		{6B2F51DA-B8DB-469D-AEFA-B234F6972562}.Debug|x86.ActiveCfg = Debug|Win32
		{6B2F51DA-B8DB-469D-AEFA-B234F6972562}.Debug|x86.Build.0 = Debug|Win32
		{6B2F51DA-B8DB-469D-AEFA-B234F6972562}.Release|x64.ActiveCfg = Release|x64
		{6B2F51DA-B8DB-469D-AEFA-B234F6972562}.Release|x64.Build.0 = Release|x64
		{6B2F51DA-B8DB-469D-AEFA-B234F6972562}.Release|x86.ActiveCfg = Release|Win32
		{6B2F51DA-B8DB-469D-AEFA-B234F6972562}.Release|x86.Build.0 = Release|Win32
		{4B44798C-436E-4B9E-B21F-C7C695D75A94}.Debug|x64.ActiveCfg = Debug|x64
		{4B44798C-436E-4B9E-B21F-C7C695D75A94}.Debug|x64.Build.0 = Debug|x64
		{4B44798C-436E-4B9E-B21F-C7C695D75A94}.Debug|x86.ActiveCfg = Debug|Win32
		{4B44798C-436E-4B9E-B21F-C7C695D75A94}.Debug|x86.Build.0 = Debug|Win32
		{4B44798C-436E-4B9E-B21F-C7C695D75A94}.Release|x64.ActiveCfg = Release|x64
		{4B44798C-436E-4B9E-B21F-C7C695D75A94}.Release|x64.Build.0 = Release|x64
		{4B44798C-436E-4B9E-B21F-C7C695D75A94}.Release|x86.ActiveCfg = Release|Win32
		{4B44798C-436E-4B9E-B21F-C7C695D75A94}.Release|x86.Build.0 = Release|Win32
		{57CD00A8-4086-401B-A78A-44BBD6C9688E}.Debug|x64.ActiveCfg = Debug|x64
		{57CD00A8-4086-401B-A78A-44BBD6C9688E}.Debug|x64.Build.0 = Debug|x64
		{57CD00A8-4086-401B-A78A-44BBD6C9688E}.Debug|x86.ActiveCfg = Debug|Win32
		{57CD00A8-4086-401B-A78A-44BBD6C9688E}.Debug|x86.Build.0 = Debug|Win32
		{57CD00A8-4086-401B-A78A-44BBD6C9688E}.Release|x64.ActiveCfg = Release|x64
		{57CD00A8-4086-401B-A78A-44BBD6C9688E}.Release|x64.Build.0 = Release|x64
		{57CD00A8-4086-401B-A78A-44BBD6C9688E}.Release|x86.ActiveCfg = Release|Win32
		{57CD00A8-4086-401B-A78A-44BBD6C9688E}.Release|x86.Build.0 = Release|Win32
	EndGlobalSection
	GlobalSection(SolutionProperties) = preSolution
		HideSolutionNode = FALSE
	EndGlobalSection
	GlobalSection(ExtensibilityGlobals) = postSolution
		SolutionGuid = {27667854-2F25-484E-B2CF-202F9FC7831D}
	EndGlobalSection
EndGlobal
